
Microsoft Visual Studio Solution File, Format Version 12.00
# Visual Studio Version 17
VisualStudioVersion = 17.10.35122.118
MinimumVisualStudioVersion = 10.0.40219.1
Project("{9A19103F-16F7-4668-BE54-9A1E7A4F7556}") = "TaskForProject.Api", "TaskForProject.Api\TaskForProject.Api.csproj", "{7A12B0FF-98A2-434E-A0CD-D49E96CF43F8}"
EndProject
Project("{FAE04EC0-301F-11D3-BF4B-00C04F79EFBC}") = "TaskForProject.Wpf", "TaskForProject.Wpf\TaskForProject.Wpf.csproj", "{6D48A341-C9A1-4F9F-977F-84C773D56200}"
EndProject
Global
	GlobalSection(SolutionConfigurationPlatforms) = preSolution
		Debug|Any CPU = Debug|Any CPU
		Release|Any CPU = Release|Any CPU
	EndGlobalSection
	GlobalSection(ProjectConfigurationPlatforms) = postSolution
		{7A12B0FF-98A2-434E-A0CD-D49E96CF43F8}.Debug|Any CPU.ActiveCfg = Debug|Any CPU
		{7A12B0FF-98A2-434E-A0CD-D49E96CF43F8}.Debug|Any CPU.Build.0 = Debug|Any CPU
		{7A12B0FF-98A2-434E-A0CD-D49E96CF43F8}.Release|Any CPU.ActiveCfg = Release|Any CPU
		{7A12B0FF-98A2-434E-A0CD-D49E96CF43F8}.Release|Any CPU.Build.0 = Release|Any CPU
		{6D48A341-C9A1-4F9F-977F-84C773D56200}.Debug|Any CPU.ActiveCfg = Debug|Any CPU
		{6D48A341-C9A1-4F9F-977F-84C773D56200}.Debug|Any CPU.Build.0 = Debug|Any CPU
		{6D48A341-C9A1-4F9F-977F-84C773D56200}.Release|Any CPU.ActiveCfg = Release|Any CPU
		{6D48A341-C9A1-4F9F-977F-84C773D56200}.Release|Any CPU.Build.0 = Release|Any CPU
	EndGlobalSection
	GlobalSection(SolutionProperties) = preSolution
		HideSolutionNode = FALSE
	EndGlobalSection
	GlobalSection(ExtensibilityGlobals) = postSolution
		SolutionGuid = {8AD54E68-FC44-43B8-9209-C1549419A310}
	EndGlobalSection
EndGlobal
